
Microsoft Visual Studio Solution File, Format Version 12.00
# Visual Studio Version 16
VisualStudioVersion = 16.0.29411.108
MinimumVisualStudioVersion = 10.0.40219.1
Project("{FAE04EC0-301F-11D3-BF4B-00C04F79EFBC}") = "Blacksmith.PagedEnumerable", "Blacksmith.PagedEnumerable\Blacksmith.PagedEnumerable.csproj", "{7E839E02-84F6-4197-BD2D-0813F28E646E}"
EndProject
Project("{FAE04EC0-301F-11D3-BF4B-00C04F79EFBC}") = "Blacksmith.PagedEnumerable.Tests", "Blacksmith.PagedEnumerable.Tests\Blacksmith.PagedEnumerable.Tests.csproj", "{96BB091C-E4CB-41A9-89A1-37CB44D086B7}"
EndProject
Global
	GlobalSection(SolutionConfigurationPlatforms) = preSolution
		Debug|Any CPU = Debug|Any CPU
		Release|Any CPU = Release|Any CPU
	EndGlobalSection
	GlobalSection(ProjectConfigurationPlatforms) = postSolution
		{7E839E02-84F6-4197-BD2D-0813F28E646E}.Debug|Any CPU.ActiveCfg = Debug|Any CPU
		{7E839E02-84F6-4197-BD2D-0813F28E646E}.Debug|Any CPU.Build.0 = Debug|Any CPU
		{7E839E02-84F6-4197-BD2D-0813F28E646E}.Release|Any CPU.ActiveCfg = Release|Any CPU
		{7E839E02-84F6-4197-BD2D-0813F28E646E}.Release|Any CPU.Build.0 = Release|Any CPU
		{96BB091C-E4CB-41A9-89A1-37CB44D086B7}.Debug|Any CPU.ActiveCfg = Debug|Any CPU
		{96BB091C-E4CB-41A9-89A1-37CB44D086B7}.Debug|Any CPU.Build.0 = Debug|Any CPU
		{96BB091C-E4CB-41A9-89A1-37CB44D086B7}.Release|Any CPU.ActiveCfg = Release|Any CPU
		{96BB091C-E4CB-41A9-89A1-37CB44D086B7}.Release|Any CPU.Build.0 = Release|Any CPU
	EndGlobalSection
	GlobalSection(SolutionProperties) = preSolution
		HideSolutionNode = FALSE
	EndGlobalSection
	GlobalSection(ExtensibilityGlobals) = postSolution
		SolutionGuid = {B852A8A7-B81D-41FA-B19C-83C566BC6634}
	EndGlobalSection
EndGlobal
